// !$*UTF8*$!
{
	archiveVersion = 1;
	classes = {
	};
	objectVersion = 46;
	objects = {

/* Begin PBXBuildFile section */
		1378B1AC1F27B93C00D6F052 /* backupBrain.swift in Sources */ = {isa = PBXBuildFile; fileRef = 1378B1AB1F27B93C00D6F052 /* backupBrain.swift */; };
		13A9F2F21F2525AC00F3FAA0 /* AppDelegate.swift in Sources */ = {isa = PBXBuildFile; fileRef = 13A9F2F11F2525AC00F3FAA0 /* AppDelegate.swift */; };
		13A9F2F41F2525AC00F3FAA0 /* ViewController.swift in Sources */ = {isa = PBXBuildFile; fileRef = 13A9F2F31F2525AC00F3FAA0 /* ViewController.swift */; };
		13A9F2F71F2525AC00F3FAA0 /* Main.storyboard in Resources */ = {isa = PBXBuildFile; fileRef = 13A9F2F51F2525AC00F3FAA0 /* Main.storyboard */; };
		13A9F2F91F2525AC00F3FAA0 /* Assets.xcassets in Resources */ = {isa = PBXBuildFile; fileRef = 13A9F2F81F2525AC00F3FAA0 /* Assets.xcassets */; };
		13A9F2FC1F2525AC00F3FAA0 /* LaunchScreen.storyboard in Resources */ = {isa = PBXBuildFile; fileRef = 13A9F2FA1F2525AC00F3FAA0 /* LaunchScreen.storyboard */; };
		13A9F3041F253B0300F3FAA0 /* Calc2Brain.swift in Sources */ = {isa = PBXBuildFile; fileRef = 13A9F3031F253B0300F3FAA0 /* Calc2Brain.swift */; };
/* End PBXBuildFile section */

/* Begin PBXFileReference section */
		1378B1AB1F27B93C00D6F052 /* backupBrain.swift */ = {isa = PBXFileReference; fileEncoding = 4; lastKnownFileType = sourcecode.swift; name = backupBrain.swift; path = calculator2/backupBrain.swift; sourceTree = SOURCE_ROOT; };
		13A9F2EE1F2525AC00F3FAA0 /* Calculator2.app */ = {isa = PBXFileReference; explicitFileType = wrapper.application; includeInIndex = 0; path = Calculator2.app; sourceTree = BUILT_PRODUCTS_DIR; };
		13A9F2F11F2525AC00F3FAA0 /* AppDelegate.swift */ = {isa = PBXFileReference; lastKnownFileType = sourcecode.swift; path = AppDelegate.swift; sourceTree = "<group>"; };
		13A9F2F31F2525AC00F3FAA0 /* ViewController.swift */ = {isa = PBXFileReference; lastKnownFileType = sourcecode.swift; path = ViewController.swift; sourceTree = "<group>"; };
		13A9F2F61F2525AC00F3FAA0 /* Base */ = {isa = PBXFileReference; lastKnownFileType = file.storyboard; name = Base; path = Base.lproj/Main.storyboard; sourceTree = "<group>"; };
		13A9F2F81F2525AC00F3FAA0 /* Assets.xcassets */ = {isa = PBXFileReference; lastKnownFileType = folder.assetcatalog; path = Assets.xcassets; sourceTree = "<group>"; };
		13A9F2FB1F2525AC00F3FAA0 /* Base */ = {isa = PBXFileReference; lastKnownFileType = file.storyboard; name = Base; path = Base.lproj/LaunchScreen.storyboard; sourceTree = "<group>"; };
		13A9F2FD1F2525AC00F3FAA0 /* Info.plist */ = {isa = PBXFileReference; lastKnownFileType = text.plist.xml; path = Info.plist; sourceTree = "<group>"; };
		13A9F3031F253B0300F3FAA0 /* Calc2Brain.swift */ = {isa = PBXFileReference; fileEncoding = 4; lastKnownFileType = sourcecode.swift; path = Calc2Brain.swift; sourceTree = "<group>"; };
/* End PBXFileReference section */

/* Begin PBXFrameworksBuildPhase section */
		13A9F2EB1F2525AC00F3FAA0 /* Frameworks */ = {
			isa = PBXFrameworksBuildPhase;
			buildActionMask = 2147483647;
			files = (
			);
			runOnlyForDeploymentPostprocessing = 0;
		};
/* End PBXFrameworksBuildPhase section */

/* Begin PBXGroup section */
		13A9F2E51F2525AC00F3FAA0 = {
			isa = PBXGroup;
			children = (
				13A9F2F01F2525AC00F3FAA0 /* Calculator2 */,
				13A9F2EF1F2525AC00F3FAA0 /* Products */,
			);
			sourceTree = "<group>";
		};
		13A9F2EF1F2525AC00F3FAA0 /* Products */ = {
			isa = PBXGroup;
			children = (
				13A9F2EE1F2525AC00F3FAA0 /* Calculator2.app */,
			);
			name = Products;
			sourceTree = "<group>";
		};
		13A9F2F01F2525AC00F3FAA0 /* Calculator2 */ = {
			isa = PBXGroup;
			children = (
				13A9F2F11F2525AC00F3FAA0 /* AppDelegate.swift */,
				13A9F2F31F2525AC00F3FAA0 /* ViewController.swift */,
				13A9F3031F253B0300F3FAA0 /* Calc2Brain.swift */,
				13A9F2F51F2525AC00F3FAA0 /* Main.storyboard */,
				13A9F2F81F2525AC00F3FAA0 /* Assets.xcassets */,
				13A9F2FA1F2525AC00F3FAA0 /* LaunchScreen.storyboard */,
				13A9F2FD1F2525AC00F3FAA0 /* Info.plist */,
				1378B1AB1F27B93C00D6F052 /* backupBrain.swift */,
			);
			path = Calculator2;
			sourceTree = "<group>";
		};
/* End PBXGroup section */

/* Begin PBXNativeTarget section */
		13A9F2ED1F2525AC00F3FAA0 /* Calculator2 */ = {
			isa = PBXNativeTarget;
			buildConfigurationList = 13A9F3001F2525AC00F3FAA0 /* Build configuration list for PBXNativeTarget "Calculator2" */;
			buildPhases = (
				13A9F2EA1F2525AC00F3FAA0 /* Sources */,
				13A9F2EB1F2525AC00F3FAA0 /* Frameworks */,
				13A9F2EC1F2525AC00F3FAA0 /* Resources */,
			);
			buildRules = (
			);
			dependencies = (
			);
			name = Calculator2;
			productName = Calculator2;
			productReference = 13A9F2EE1F2525AC00F3FAA0 /* Calculator2.app */;
			productType = "com.apple.product-type.application";
		};
/* End PBXNativeTarget section */

/* Begin PBXProject section */
		13A9F2E61F2525AC00F3FAA0 /* Project object */ = {
			isa = PBXProject;
			attributes = {
				LastSwiftUpdateCheck = 0830;
				LastUpgradeCheck = 0830;
				ORGANIZATIONNAME = InSehnDesigns;
				TargetAttributes = {
					13A9F2ED1F2525AC00F3FAA0 = {
						CreatedOnToolsVersion = 8.3.3;
						DevelopmentTeam = 3DN2TGE2MT;
						ProvisioningStyle = Automatic;
					};
				};
			};
			buildConfigurationList = 13A9F2E91F2525AC00F3FAA0 /* Build configuration list for PBXProject "Calculator2" */;
			compatibilityVersion = "Xcode 3.2";
			developmentRegion = English;
			hasScannedForEncodings = 0;
			knownRegions = (
				en,
				Base,
			);
			mainGroup = 13A9F2E51F2525AC00F3FAA0;
			productRefGroup = 13A9F2EF1F2525AC00F3FAA0 /* Products */;
			projectDirPath = "";
			projectRoot = "";
			targets = (
				13A9F2ED1F2525AC00F3FAA0 /* Calculator2 */,
			);
		};
/* End PBXProject section */

/* Begin PBXResourcesBuildPhase section */
		13A9F2EC1F2525AC00F3FAA0 /* Resources */ = {
			isa = PBXResourcesBuildPhase;
			buildActionMask = 2147483647;
			files = (
				13A9F2FC1F2525AC00F3FAA0 /* LaunchScreen.storyboard in Resources */,
				13A9F2F91F2525AC00F3FAA0 /* Assets.xcassets in Resources */,
				13A9F2F71F2525AC00F3FAA0 /* Main.storyboard in Resources */,
			);
			runOnlyForDeploymentPostprocessing = 0;
		};
/* End PBXResourcesBuildPhase section */

/* Begin PBXSourcesBuildPhase section */
		13A9F2EA1F2525AC00F3FAA0 /* Sources */ = {
			isa = PBXSourcesBuildPhase;
			buildActionMask = 2147483647;
			files = (
				13A9F3041F253B0300F3FAA0 /* Calc2Brain.swift in Sources */,
				13A9F2F41F2525AC00F3FAA0 /* ViewController.swift in Sources */,
				1378B1AC1F27B93C00D6F052 /* backupBrain.swift in Sources */,
				13A9F2F21F2525AC00F3FAA0 /* AppDelegate.swift in Sources */,
			);
			runOnlyForDeploymentPostprocessing = 0;
		};
/* End PBXSourcesBuildPhase section */

/* Begin PBXVariantGroup section */
		13A9F2F51F2525AC00F3FAA0 /* Main.storyboard */ = {
			isa = PBXVariantGroup;
			children = (
				13A9F2F61F2525AC00F3FAA0 /* Base */,
			);
			name = Main.storyboard;
			sourceTree = "<group>";
		};
		13A9F2FA1F2525AC00F3FAA0 /* LaunchScreen.storyboard */ = {
			isa = PBXVariantGroup;
			children = (
				13A9F2FB1F2525AC00F3FAA0 /* Base */,
			);
			name = LaunchScreen.storyboard;
			sourceTree = "<group>";
		};
/* End PBXVariantGroup section */

/* Begin XCBuildConfiguration section */
		13A9F2FE1F2525AC00F3FAA0 /* Debug */ = {
			isa = XCBuildConfiguration;
			buildSettings = {
				ALWAYS_SEARCH_USER_PATHS = NO;
				CLANG_ANALYZER_NONNULL = YES;
				CLANG_ANALYZER_NUMBER_OBJECT_CONVERSION = YES_AGGRESSIVE;
				CLANG_CXX_LANGUAGE_STANDARD = "gnu++0x";
				CLANG_CXX_LIBRARY = "libc++";
				CLANG_ENABLE_MODULES = YES;
				CLANG_ENABLE_OBJC_ARC = YES;
				CLANG_WARN_BOOL_CONVERSION = YES;
				CLANG_WARN_CONSTANT_CONVERSION = YES;
				CLANG_WARN_DIRECT_OBJC_ISA_USAGE = YES_ERROR;
				CLANG_WARN_DOCUMENTATION_COMMENTS = YES;
				CLANG_WARN_EMPTY_BODY = YES;
				CLANG_WARN_ENUM_CONVERSION = YES;
				CLANG_WARN_INFINITE_RECURSION = YES;
				CLANG_WARN_INT_CONVERSION = YES;
				CLANG_WARN_OBJC_ROOT_CLASS = YES_ERROR;
				CLANG_WARN_SUSPICIOUS_MOVE = YES;
				CLANG_WARN_UNREACHABLE_CODE = YES;
				CLANG_WARN__DUPLICATE_METHOD_MATCH = YES;
				"CODE_SIGN_IDENTITY[sdk=iphoneos*]" = "iPhone Developer";
				COPY_PHASE_STRIP = NO;
				DEBUG_INFORMATION_FORMAT = dwarf;
				ENABLE_STRICT_OBJC_MSGSEND = YES;
				ENABLE_TESTABILITY = YES;
				GCC_C_LANGUAGE_STANDARD = gnu99;
				GCC_DYNAMIC_NO_PIC = NO;
				GCC_NO_COMMON_BLOCKS = YES;
				GCC_OPTIMIZATION_LEVEL = 0;
				GCC_PREPROCESSOR_DEFINITIONS = (
					"DEBUG=1",
					"$(inherited)",
				);
				GCC_WARN_64_TO_32_BIT_CONVERSION = YES;
				GCC_WARN_ABOUT_RETURN_TYPE = YES_ERROR;
				GCC_WARN_UNDECLARED_SELECTOR = YES;
				GCC_WARN_UNINITIALIZED_AUTOS = YES_AGGRESSIVE;
				GCC_WARN_UNUSED_FUNCTION = YES;
				GCC_WARN_UNUSED_VARIABLE = YES;
				IPHONEOS_DEPLOYMENT_TARGET = 10.3;
				MTL_ENABLE_DEBUG_INFO = YES;
				ONLY_ACTIVE_ARCH = YES;
				SDKROOT = iphoneos;
				SWIFT_ACTIVE_COMPILATION_CONDITIONS = DEBUG;
				SWIFT_OPTIMIZATION_LEVEL = "-Onone";
			};
			name = Debug;
		};
		13A9F2FF1F2525AC00F3FAA0 /* Release */ = {
			isa = XCBuildConfiguration;
			buildSettings = {
				ALWAYS_SEARCH_USER_PATHS = NO;
				CLANG_ANALYZER_NONNULL = YES;
				CLANG_ANALYZER_NUMBER_OBJECT_CONVERSION = YES_AGGRESSIVE;
				CLANG_CXX_LANGUAGE_STANDARD = "gnu++0x";
				CLANG_CXX_LIBRARY = "libc++";
				CLANG_ENABLE_MODULES = YES;
				CLANG_ENABLE_OBJC_ARC = YES;
				CLANG_WARN_BOOL_CONVERSION = YES;
				CLANG_WARN_CONSTANT_CONVERSION = YES;
				CLANG_WARN_DIRECT_OBJC_ISA_USAGE = YES_ERROR;
				CLANG_WARN_DOCUMENTATION_COMMENTS = YES;
				CLANG_WARN_EMPTY_BODY = YES;
				CLANG_WARN_ENUM_CONVERSION = YES;
				CLANG_WARN_INFINITE_RECURSION = YES;
				CLANG_WARN_INT_CONVERSION = YES;
				CLANG_WARN_OBJC_ROOT_CLASS = YES_ERROR;
				CLANG_WARN_SUSPICIOUS_MOVE = YES;
				CLANG_WARN_UNREACHABLE_CODE = YES;
				CLANG_WARN__DUPLICATE_METHOD_MATCH = YES;
				"CODE_SIGN_IDENTITY[sdk=iphoneos*]" = "iPhone Developer";
				COPY_PHASE_STRIP = NO;
				DEBUG_INFORMATION_FORMAT = "dwarf-with-dsym";
				ENABLE_NS_ASSERTIONS = NO;
				ENABLE_STRICT_OBJC_MSGSEND = YES;
				GCC_C_LANGUAGE_STANDARD = gnu99;
				GCC_NO_COMMON_BLOCKS = YES;
				GCC_WARN_64_TO_32_BIT_CONVERSION = YES;
				GCC_WARN_ABOUT_RETURN_TYPE = YES_ERROR;
				GCC_WARN_UNDECLARED_SELECTOR = YES;
				GCC_WARN_UNINITIALIZED_AUTOS = YES_AGGRESSIVE;
				GCC_WARN_UNUSED_FUNCTION = YES;
				GCC_WARN_UNUSED_VARIABLE = YES;
				IPHONEOS_DEPLOYMENT_TARGET = 10.3;
				MTL_ENABLE_DEBUG_INFO = NO;
				SDKROOT = iphoneos;
				SWIFT_OPTIMIZATION_LEVEL = "-Owholemodule";
				VALIDATE_PRODUCT = YES;
			};
			name = Release;
		};
		13A9F3011F2525AC00F3FAA0 /* Debug */ = {
			isa = XCBuildConfiguration;
			buildSettings = {
				ASSETCATALOG_COMPILER_APPICON_NAME = AppIcon;
				DEVELOPMENT_TEAM = 3DN2TGE2MT;
				INFOPLIST_FILE = Calculator2/Info.plist;
				IPHONEOS_DEPLOYMENT_TARGET = 10.3;
				LD_RUNPATH_SEARCH_PATHS = "$(inherited) @executable_path/Frameworks";
				PRODUCT_BUNDLE_IDENTIFIER = com.Sehns.Calculator2;
				PRODUCT_NAME = "$(TARGET_NAME)";
				SWIFT_VERSION = 3.0;
			};
			name = Debug;
		};
		13A9F3021F2525AC00F3FAA0 /* Release */ = {
			isa = XCBuildConfiguration;
			buildSettings = {
				ASSETCATALOG_COMPILER_APPICON_NAME = AppIcon;
				DEVELOPMENT_TEAM = 3DN2TGE2MT;
				INFOPLIST_FILE = Calculator2/Info.plist;
				IPHONEOS_DEPLOYMENT_TARGET = 10.3;
				LD_RUNPATH_SEARCH_PATHS = "$(inherited) @executable_path/Frameworks";
				PRODUCT_BUNDLE_IDENTIFIER = com.Sehns.Calculator2;
				PRODUCT_NAME = "$(TARGET_NAME)";
				SWIFT_VERSION = 3.0;
			};
			name = Release;
		};
/* End XCBuildConfiguration section */

/* Begin XCConfigurationList section */
		13A9F2E91F2525AC00F3FAA0 /* Build configuration list for PBXProject "Calculator2" */ = {
			isa = XCConfigurationList;
			buildConfigurations = (
				13A9F2FE1F2525AC00F3FAA0 /* Debug */,
				13A9F2FF1F2525AC00F3FAA0 /* Release */,
			);
			defaultConfigurationIsVisible = 0;
			defaultConfigurationName = Release;
		};
		13A9F3001F2525AC00F3FAA0 /* Build configuration list for PBXNativeTarget "Calculator2" */ = {
			isa = XCConfigurationList;
			buildConfigurations = (
				13A9F3011F2525AC00F3FAA0 /* Debug */,
				13A9F3021F2525AC00F3FAA0 /* Release */,
			);
			defaultConfigurationIsVisible = 0;
			defaultConfigurationName = Release;
		};
/* End XCConfigurationList section */
	};
	rootObject = 13A9F2E61F2525AC00F3FAA0 /* Project object */;
}
